{"payload":{"allShortcutsEnabled":false,"fileTree":{"":{"items":[{"name":"SharpUp","path":"SharpUp","contentType":"directory"},{"name":".gitignore","path":".gitignore","contentType":"file"},{"name":"LICENSE","path":"LICENSE","contentType":"file"},{"name":"README.md","path":"README.md","contentType":"file"},{"name":"SharpUp.sln","path":"SharpUp.sln","contentType":"file"}],"totalCount":5}},"fileTreeProcessingTime":2.60233,"foldersToFetch":[],"reducedMotionEnabled":null,"repo":{"id":142192520,"defaultBranch":"master","name":"SharpUp","ownerLogin":"GhostPack","currentUserCanPush":false,"isFork":false,"isEmpty":false,"createdAt":"2018-07-24T17:39:33.000Z","ownerAvatar":"https://avatars.githubusercontent.com/u/41304335?v=4","public":true,"private":false,"isOrgOwned":true},"refInfo":{"name":"master","listCacheKey":"v0:1532457857.0","canEdit":false,"refType":"branch","currentOid":"7e172961002125417a0f8a8447de0cb579f7d0e8"},"path":"SharpUp.sln","currentUser":null,"blob":{"rawLines":["﻿\r","Microsoft Visual Studio Solution File, Format Version 12.00\r","# Visual Studio 14\r","VisualStudioVersion = 14.0.25420.1\r","MinimumVisualStudioVersion = 10.0.40219.1\r","Project(\"{FAE04EC0-301F-11D3-BF4B-00C04F79EFBC}\") = \"SharpUp\", \"SharpUp\\SharpUp.csproj\", \"{FDD654F5-5C54-4D93-BF8E-FAF11B00E3E9}\"\r","EndProject\r","Global\r","\tGlobalSection(SolutionConfigurationPlatforms) = preSolution\r","\t\tDebug|Any CPU = Debug|Any CPU\r","\t\tRelease|Any CPU = Release|Any CPU\r","\tEndGlobalSection\r","\tGlobalSection(ProjectConfigurationPlatforms) = postSolution\r","\t\t{FDD654F5-5C54-4D93-BF8E-FAF11B00E3E9}.Debug|Any CPU.ActiveCfg = Debug|Any CPU\r","\t\t{FDD654F5-5C54-4D93-BF8E-FAF11B00E3E9}.Debug|Any CPU.Build.0 = Debug|Any CPU\r","\t\t{FDD654F5-5C54-4D93-BF8E-FAF11B00E3E9}.Release|Any CPU.ActiveCfg = Release|Any CPU\r","\t\t{FDD654F5-5C54-4D93-BF8E-FAF11B00E3E9}.Release|Any CPU.Build.0 = Release|Any CPU\r","\tEndGlobalSection\r","\tGlobalSection(SolutionProperties) = preSolution\r","\t\tHideSolutionNode = FALSE\r","\tEndGlobalSection\r","EndGlobal\r"],"stylingDirectives":[[],[{"start":0,"end":59,"cssClass":"pl-e"}],[{"start":0,"end":18,"cssClass":"pl-e"}],[{"start":0,"end":21,"cssClass":"pl-smi"},{"start":22,"end":34,"cssClass":"pl-s"}],[{"start":0,"end":28,"cssClass":"pl-smi"},{"start":29,"end":41,"cssClass":"pl-s"}],[{"start":0,"end":7,"cssClass":"pl-k"},{"start":8,"end":48,"cssClass":"pl-s"},{"start":52,"end":61,"cssClass":"pl-s"},{"start":63,"end":87,"cssClass":"pl-s"},{"start":89,"end":129,"cssClass":"pl-s"}],[{"start":0,"end":10,"cssClass":"pl-k"}],[{"start":0,"end":6,"cssClass":"pl-k"}],[{"start":1,"end":14,"cssClass":"pl-k"},{"start":15,"end":45,"cssClass":"pl-smi"},{"start":49,"end":60,"cssClass":"pl-c1"}],[{"start":2,"end":8,"cssClass":"pl-c1"},{"start":8,"end":16,"cssClass":"pl-smi"},{"start":18,"end":24,"cssClass":"pl-c1"},{"start":24,"end":31,"cssClass":"pl-smi"}],[{"start":2,"end":10,"cssClass":"pl-c1"},{"start":10,"end":18,"cssClass":"pl-smi"},{"start":20,"end":28,"cssClass":"pl-c1"},{"start":28,"end":35,"cssClass":"pl-smi"}],[{"start":1,"end":17,"cssClass":"pl-k"}],[{"start":1,"end":14,"cssClass":"pl-k"},{"start":15,"end":44,"cssClass":"pl-smi"},{"start":48,"end":60,"cssClass":"pl-c1"}],[{"start":2,"end":40,"cssClass":"pl-s"},{"start":41,"end":47,"cssClass":"pl-c1"},{"start":47,"end":54,"cssClass":"pl-smi"},{"start":55,"end":65,"cssClass":"pl-smi"},{"start":67,"end":73,"cssClass":"pl-c1"},{"start":73,"end":80,"cssClass":"pl-smi"}],[{"start":2,"end":40,"cssClass":"pl-s"},{"start":41,"end":47,"cssClass":"pl-c1"},{"start":47,"end":54,"cssClass":"pl-smi"},{"start":55,"end":60,"cssClass":"pl-smi"},{"start":61,"end":63,"cssClass":"pl-smi"},{"start":65,"end":71,"cssClass":"pl-c1"},{"start":71,"end":78,"cssClass":"pl-smi"}],[{"start":2,"end":40,"cssClass":"pl-s"},{"start":41,"end":49,"cssClass":"pl-c1"},{"start":49,"end":56,"cssClass":"pl-smi"},{"start":57,"end":67,"cssClass":"pl-smi"},{"start":69,"end":77,"cssClass":"pl-c1"},{"start":77,"end":84,"cssClass":"pl-smi"}],[{"start":2,"end":40,"cssClass":"pl-s"},{"start":41,"end":49,"cssClass":"pl-c1"},{"start":49,"end":56,"cssClass":"pl-smi"},{"start":57,"end":62,"cssClass":"pl-smi"},{"start":63,"end":65,"cssClass":"pl-smi"},{"start":67,"end":75,"cssClass":"pl-c1"},{"start":75,"end":82,"cssClass":"pl-smi"}],[{"start":1,"end":17,"cssClass":"pl-k"}],[{"start":1,"end":14,"cssClass":"pl-k"},{"start":15,"end":33,"cssClass":"pl-smi"},{"start":37,"end":48,"cssClass":"pl-c1"}],[{"start":2,"end":20,"cssClass":"pl-smi"},{"start":21,"end":26,"cssClass":"pl-smi"}],[{"start":1,"end":17,"cssClass":"pl-k"}],[{"start":0,"end":9,"cssClass":"pl-k"}]],"csv":null,"csvError":null,"dependabotInfo":{"showConfigurationBanner":false,"configFilePath":null,"networkDependabotPath":"/GhostPack/SharpUp/network/updates","dismissConfigurationNoticePath":"/settings/dismiss-notice/dependabot_configuration_notice","configurationNoticeDismissed":null,"repoAlertsPath":"/GhostPack/SharpUp/security/dependabot","repoSecurityAndAnalysisPath":"/GhostPack/SharpUp/settings/security_analysis","repoOwnerIsOrg":true,"currentUserCanAdminRepo":false},"displayName":"SharpUp.sln","displayUrl":"https://github.com/GhostPack/SharpUp/blob/master/SharpUp.sln?raw=true","headerInfo":{"blobSize":"988 Bytes","deleteInfo":{"deletePath":null,"deleteTooltip":"You must be signed in to make or propose changes"},"editInfo":{"editTooltip":"You must be signed in to make or propose changes"},"ghDesktopPath":"https://desktop.github.com","gitLfsPath":null,"onBranch":true,"shortPath":"063e957","siteNavLoginPath":"/login?return_to=https%3A%2F%2Fgithub.com%2FGhostPack%2FSharpUp%2Fblob%2Fmaster%2FSharpUp.sln","isCSV":false,"isRichtext":false,"toc":null,"lineInfo":{"truncatedLoc":"22","truncatedSloc":"22"},"mode":"executable file"},"image":false,"isCodeownersFile":null,"isValidLegacyIssueTemplate":false,"issueTemplateHelpUrl":"https://docs.github.com/articles/about-issue-and-pull-request-templates","issueTemplate":null,"discussionTemplate":null,"language":"Microsoft Visual Studio Solution","large":false,"loggedIn":false,"newDiscussionPath":"/GhostPack/SharpUp/discussions/new","newIssuePath":"/GhostPack/SharpUp/issues/new","planSupportInfo":{"repoIsFork":null,"repoOwnedByCurrentUser":null,"requestFullPath":"/GhostPack/SharpUp/blob/master/SharpUp.sln","showFreeOrgGatedFeatureMessage":null,"showPlanSupportBanner":null,"upgradeDataAttributes":null,"upgradePath":null},"publishBannersInfo":{"dismissActionNoticePath":"/settings/dismiss-notice/publish_action_from_dockerfile","dismissStackNoticePath":"/settings/dismiss-notice/publish_stack_from_file","releasePath":"/GhostPack/SharpUp/releases/new?marketplace=true","showPublishActionBanner":false,"showPublishStackBanner":false},"renderImageOrRaw":false,"richText":null,"renderedFileInfo":null,"tabSize":8,"topBannersInfo":{"overridingGlobalFundingFile":false,"globalPreferredFundingPath":null,"repoOwner":"GhostPack","repoName":"SharpUp","showInvalidCitationWarning":false,"citationHelpUrl":"https://docs.github.com/en/github/creating-cloning-and-archiving-repositories/creating-a-repository-on-github/about-citation-files","showDependabotConfigurationBanner":false,"actionsOnboardingTip":null},"truncated":false,"viewable":true,"workflowRedirectUrl":null,"symbols":{"timedOut":false,"notAnalyzed":true,"symbols":[]}},"copilotUserAccess":null,"csrf_tokens":{"/GhostPack/SharpUp/branches":{"post":"IGPoSob3AS2mE_VZo7BAooJwMS6NzQ7nLiRxwFY8iA2EsVW8s2nCnMO6wgWivtFKxkzKPmWNooZOVuV8iYUrWQ"}}},"title":"SharpUp/SharpUp.sln at master · GhostPack/SharpUp","locale":"en"}